{
  "pins" : [
    {
      "identity" : "swiftopenai",
      "kind" : "remoteSourceControl",
      "location" : "https://github.com/jamesrochabrun/SwiftOpenAI",
      "state" : {
        "branch" : "main",
        "revision" : "e29332ea3e50d9fde6e358d0334226dc77674692"
      }
    }
  ],
  "version" : 2
}
